
Microsoft Visual Studio Solution File, Format Version 12.00
# Visual Studio Version 17
VisualStudioVersion = 17.12.35527.113
MinimumVisualStudioVersion = 10.0.40219.1
Project("{2150E333-8FDC-42A3-9474-1A3956D46DE8}") = "src", "src", "{102E04B6-43F7-48E0-A193-E6DF690BC048}"
EndProject
Project("{2150E333-8FDC-42A3-9474-1A3956D46DE8}") = "shared", "shared", "{01EE4604-8C27-45C1-B4B5-D50C9327E6EB}"
EndProject
Project("{FAE04EC0-301F-11D3-BF4B-00C04F79EFBC}") = "Shared.Domain", "src\shared\Shared.Domain\Shared.Domain.csproj", "{68F50EAA-569F-4C25-A98E-C17ED17D1A8F}"
EndProject
Project("{FAE04EC0-301F-11D3-BF4B-00C04F79EFBC}") = "Shared.Caching", "src\shared\Shared.Caching\Shared.Caching.csproj", "{677E2091-EEC3-415B-A415-B006E41EFCD1}"
EndProject
Project("{FAE04EC0-301F-11D3-BF4B-00C04F79EFBC}") = "Shared.Caching.Redis", "src\shared\Shared.Caching.Redis\Shared.Caching.Redis.csproj", "{35DA11D6-97E5-4FC6-AE78-497E09420262}"
EndProject
Project("{FAE04EC0-301F-11D3-BF4B-00C04F79EFBC}") = "Shared.Security", "src\shared\Shared.Security\Shared.Security.csproj", "{141B6E15-ACBC-4F12-90EF-E0861F9CC9F9}"
EndProject
Project("{FAE04EC0-301F-11D3-BF4B-00C04F79EFBC}") = "Shared.Json", "src\shared\Shared.Json\Shared.Json.csproj", "{5B44283A-20B9-4C3E-9A90-38EF89C9FA0A}"
EndProject
Project("{FAE04EC0-301F-11D3-BF4B-00C04F79EFBC}") = "Shared.Json.Newtonsoft", "src\shared\Shared.Json.Newtonsoft\Shared.Json.Newtonsoft.csproj", "{0D2D64A0-EDF1-4CE2-ADEC-5C2EC0084756}"
EndProject
Project("{FAE04EC0-301F-11D3-BF4B-00C04F79EFBC}") = "Shared.Utils", "src\shared\Shared.Utils\Shared.Utils.csproj", "{6162307D-73A5-4E4F-9206-4C4C6A54F27C}"
EndProject
Project("{FAE04EC0-301F-11D3-BF4B-00C04F79EFBC}") = "Shared.Guids", "src\shared\Shared.Guids\Shared.Guids.csproj", "{3BE6B5CB-8E3D-4E22-A4C7-2499C2E194F8}"
EndProject
Project("{FAE04EC0-301F-11D3-BF4B-00C04F79EFBC}") = "Shared.AspNetCore", "src\shared\Shared.AspNetCore\Shared.AspNetCore.csproj", "{2D71F119-A82E-4843-8B46-60681F25CBA3}"
EndProject
Project("{FAE04EC0-301F-11D3-BF4B-00C04F79EFBC}") = "Shared.AspNetCore.Logging", "src\shared\Shared.AspNetCore.Logging\Shared.AspNetCore.Logging.csproj", "{B7C26FB4-D83F-496D-B478-3C0C179CB1E3}"
EndProject
Project("{FAE04EC0-301F-11D3-BF4B-00C04F79EFBC}") = "Shared.Serilog", "src\shared\Shared.Serilog\Shared.Serilog.csproj", "{220F6943-0681-4E5C-B195-DC7F62B0B65C}"
EndProject
Project("{FAE04EC0-301F-11D3-BF4B-00C04F79EFBC}") = "Shared.AspNetCore.Swagger", "src\shared\Shared.AspNetCore.Swagger\Shared.AspNetCore.Swagger.csproj", "{B55F0102-66E5-4EF1-A6B8-C04184215253}"
EndProject
Project("{2150E333-8FDC-42A3-9474-1A3956D46DE8}") = "project", "project", "{7377A1B1-CE34-434F-8D5F-F3E8D2913E3D}"
EndProject
Project("{FAE04EC0-301F-11D3-BF4B-00C04F79EFBC}") = "Trendyum.Domain", "src\project\Trendyum.Domain\Trendyum.Domain.csproj", "{80F2E48C-EA2D-4203-AF41-291BBEA6790F}"
EndProject
Project("{FAE04EC0-301F-11D3-BF4B-00C04F79EFBC}") = "Trendyum.Application", "src\project\Trendyum.Application\Trendyum.Application.csproj", "{E692E30F-7B16-44EA-8075-4F750893C281}"
EndProject
Project("{FAE04EC0-301F-11D3-BF4B-00C04F79EFBC}") = "Trendyum.Common", "src\project\Trendyum.Common\Trendyum.Common.csproj", "{E221CE84-C804-41F4-B87C-737B3A4546AB}"
EndProject
Project("{FAE04EC0-301F-11D3-BF4B-00C04F79EFBC}") = "Trendyum.Infrastructure", "src\project\Trendyum.Infrastructure\Trendyum.Infrastructure.csproj", "{CCFF15D0-218A-4EC7-B023-41F56B97D59A}"
EndProject
Project("{FAE04EC0-301F-11D3-BF4B-00C04F79EFBC}") = "Trendyum.API", "src\project\Trendyum.API\Trendyum.API.csproj", "{741B89D7-9F38-431C-B2D1-7C6A8179D4CF}"
EndProject
Project("{FAE04EC0-301F-11D3-BF4B-00C04F79EFBC}") = "Trendyum.Blazor", "src\project\Trendyum.Blazor\Trendyum.Blazor.csproj", "{F872C0D3-E768-4E3F-926A-F4BB09DFBB3F}"
EndProject
Project("{FAE04EC0-301F-11D3-BF4B-00C04F79EFBC}") = "Trendyum.LoadBalancer", "src\project\Trendyum.LoadBalancer\Trendyum.LoadBalancer.csproj", "{AC9B9F1A-D63B-483D-BE83-92F4521B9CDA}"
EndProject
Project("{2150E333-8FDC-42A3-9474-1A3956D46DE8}") = "backend", "backend", "{BC393D66-1680-4380-856D-CD0891CF1A0D}"
EndProject
Project("{2150E333-8FDC-42A3-9474-1A3956D46DE8}") = "frontend", "frontend", "{CF4E59DC-C874-4C08-9AE9-45A883509D51}"
EndProject
Project("{2150E333-8FDC-42A3-9474-1A3956D46DE8}") = "loadBalancer", "loadBalancer", "{F93795FC-D8CF-4F7D-BCBA-BEA73ADBD5C7}"
EndProject
Project("{2150E333-8FDC-42A3-9474-1A3956D46DE8}") = "common", "common", "{023D4279-B092-4E38-90A0-F23B559851B7}"
EndProject
Global
	GlobalSection(SolutionConfigurationPlatforms) = preSolution
		Debug|Any CPU = Debug|Any CPU
		Release|Any CPU = Release|Any CPU
	EndGlobalSection
	GlobalSection(ProjectConfigurationPlatforms) = postSolution
		{68F50EAA-569F-4C25-A98E-C17ED17D1A8F}.Debug|Any CPU.ActiveCfg = Debug|Any CPU
		{68F50EAA-569F-4C25-A98E-C17ED17D1A8F}.Debug|Any CPU.Build.0 = Debug|Any CPU
		{68F50EAA-569F-4C25-A98E-C17ED17D1A8F}.Release|Any CPU.ActiveCfg = Release|Any CPU
		{68F50EAA-569F-4C25-A98E-C17ED17D1A8F}.Release|Any CPU.Build.0 = Release|Any CPU
		{677E2091-EEC3-415B-A415-B006E41EFCD1}.Debug|Any CPU.ActiveCfg = Debug|Any CPU
		{677E2091-EEC3-415B-A415-B006E41EFCD1}.Debug|Any CPU.Build.0 = Debug|Any CPU
		{677E2091-EEC3-415B-A415-B006E41EFCD1}.Release|Any CPU.ActiveCfg = Release|Any CPU
		{677E2091-EEC3-415B-A415-B006E41EFCD1}.Release|Any CPU.Build.0 = Release|Any CPU
		{35DA11D6-97E5-4FC6-AE78-497E09420262}.Debug|Any CPU.ActiveCfg = Debug|Any CPU
		{35DA11D6-97E5-4FC6-AE78-497E09420262}.Debug|Any CPU.Build.0 = Debug|Any CPU
		{35DA11D6-97E5-4FC6-AE78-497E09420262}.Release|Any CPU.ActiveCfg = Release|Any CPU
		{35DA11D6-97E5-4FC6-AE78-497E09420262}.Release|Any CPU.Build.0 = Release|Any CPU
		{141B6E15-ACBC-4F12-90EF-E0861F9CC9F9}.Debug|Any CPU.ActiveCfg = Debug|Any CPU
		{141B6E15-ACBC-4F12-90EF-E0861F9CC9F9}.Debug|Any CPU.Build.0 = Debug|Any CPU
		{141B6E15-ACBC-4F12-90EF-E0861F9CC9F9}.Release|Any CPU.ActiveCfg = Release|Any CPU
		{141B6E15-ACBC-4F12-90EF-E0861F9CC9F9}.Release|Any CPU.Build.0 = Release|Any CPU
		{5B44283A-20B9-4C3E-9A90-38EF89C9FA0A}.Debug|Any CPU.ActiveCfg = Debug|Any CPU
		{5B44283A-20B9-4C3E-9A90-38EF89C9FA0A}.Debug|Any CPU.Build.0 = Debug|Any CPU
		{5B44283A-20B9-4C3E-9A90-38EF89C9FA0A}.Release|Any CPU.ActiveCfg = Release|Any CPU
		{5B44283A-20B9-4C3E-9A90-38EF89C9FA0A}.Release|Any CPU.Build.0 = Release|Any CPU
		{0D2D64A0-EDF1-4CE2-ADEC-5C2EC0084756}.Debug|Any CPU.ActiveCfg = Debug|Any CPU
		{0D2D64A0-EDF1-4CE2-ADEC-5C2EC0084756}.Debug|Any CPU.Build.0 = Debug|Any CPU
		{0D2D64A0-EDF1-4CE2-ADEC-5C2EC0084756}.Release|Any CPU.ActiveCfg = Release|Any CPU
		{0D2D64A0-EDF1-4CE2-ADEC-5C2EC0084756}.Release|Any CPU.Build.0 = Release|Any CPU
		{6162307D-73A5-4E4F-9206-4C4C6A54F27C}.Debug|Any CPU.ActiveCfg = Debug|Any CPU
		{6162307D-73A5-4E4F-9206-4C4C6A54F27C}.Debug|Any CPU.Build.0 = Debug|Any CPU
		{6162307D-73A5-4E4F-9206-4C4C6A54F27C}.Release|Any CPU.ActiveCfg = Release|Any CPU
		{6162307D-73A5-4E4F-9206-4C4C6A54F27C}.Release|Any CPU.Build.0 = Release|Any CPU
		{3BE6B5CB-8E3D-4E22-A4C7-2499C2E194F8}.Debug|Any CPU.ActiveCfg = Debug|Any CPU
		{3BE6B5CB-8E3D-4E22-A4C7-2499C2E194F8}.Debug|Any CPU.Build.0 = Debug|Any CPU
		{3BE6B5CB-8E3D-4E22-A4C7-2499C2E194F8}.Release|Any CPU.ActiveCfg = Release|Any CPU
		{3BE6B5CB-8E3D-4E22-A4C7-2499C2E194F8}.Release|Any CPU.Build.0 = Release|Any CPU
		{2D71F119-A82E-4843-8B46-60681F25CBA3}.Debug|Any CPU.ActiveCfg = Debug|Any CPU
		{2D71F119-A82E-4843-8B46-60681F25CBA3}.Debug|Any CPU.Build.0 = Debug|Any CPU
		{2D71F119-A82E-4843-8B46-60681F25CBA3}.Release|Any CPU.ActiveCfg = Release|Any CPU
		{2D71F119-A82E-4843-8B46-60681F25CBA3}.Release|Any CPU.Build.0 = Release|Any CPU
		{B7C26FB4-D83F-496D-B478-3C0C179CB1E3}.Debug|Any CPU.ActiveCfg = Debug|Any CPU
		{B7C26FB4-D83F-496D-B478-3C0C179CB1E3}.Debug|Any CPU.Build.0 = Debug|Any CPU
		{B7C26FB4-D83F-496D-B478-3C0C179CB1E3}.Release|Any CPU.ActiveCfg = Release|Any CPU
		{B7C26FB4-D83F-496D-B478-3C0C179CB1E3}.Release|Any CPU.Build.0 = Release|Any CPU
		{220F6943-0681-4E5C-B195-DC7F62B0B65C}.Debug|Any CPU.ActiveCfg = Debug|Any CPU
		{220F6943-0681-4E5C-B195-DC7F62B0B65C}.Debug|Any CPU.Build.0 = Debug|Any CPU
		{220F6943-0681-4E5C-B195-DC7F62B0B65C}.Release|Any CPU.ActiveCfg = Release|Any CPU
		{220F6943-0681-4E5C-B195-DC7F62B0B65C}.Release|Any CPU.Build.0 = Release|Any CPU
		{B55F0102-66E5-4EF1-A6B8-C04184215253}.Debug|Any CPU.ActiveCfg = Debug|Any CPU
		{B55F0102-66E5-4EF1-A6B8-C04184215253}.Debug|Any CPU.Build.0 = Debug|Any CPU
		{B55F0102-66E5-4EF1-A6B8-C04184215253}.Release|Any CPU.ActiveCfg = Release|Any CPU
		{B55F0102-66E5-4EF1-A6B8-C04184215253}.Release|Any CPU.Build.0 = Release|Any CPU
		{80F2E48C-EA2D-4203-AF41-291BBEA6790F}.Debug|Any CPU.ActiveCfg = Debug|Any CPU
		{80F2E48C-EA2D-4203-AF41-291BBEA6790F}.Debug|Any CPU.Build.0 = Debug|Any CPU
		{80F2E48C-EA2D-4203-AF41-291BBEA6790F}.Release|Any CPU.ActiveCfg = Release|Any CPU
		{80F2E48C-EA2D-4203-AF41-291BBEA6790F}.Release|Any CPU.Build.0 = Release|Any CPU
		{E692E30F-7B16-44EA-8075-4F750893C281}.Debug|Any CPU.ActiveCfg = Debug|Any CPU
		{E692E30F-7B16-44EA-8075-4F750893C281}.Debug|Any CPU.Build.0 = Debug|Any CPU
		{E692E30F-7B16-44EA-8075-4F750893C281}.Release|Any CPU.ActiveCfg = Release|Any CPU
		{E692E30F-7B16-44EA-8075-4F750893C281}.Release|Any CPU.Build.0 = Release|Any CPU
		{E221CE84-C804-41F4-B87C-737B3A4546AB}.Debug|Any CPU.ActiveCfg = Debug|Any CPU
		{E221CE84-C804-41F4-B87C-737B3A4546AB}.Debug|Any CPU.Build.0 = Debug|Any CPU
		{E221CE84-C804-41F4-B87C-737B3A4546AB}.Release|Any CPU.ActiveCfg = Release|Any CPU
		{E221CE84-C804-41F4-B87C-737B3A4546AB}.Release|Any CPU.Build.0 = Release|Any CPU
		{CCFF15D0-218A-4EC7-B023-41F56B97D59A}.Debug|Any CPU.ActiveCfg = Debug|Any CPU
		{CCFF15D0-218A-4EC7-B023-41F56B97D59A}.Debug|Any CPU.Build.0 = Debug|Any CPU
		{CCFF15D0-218A-4EC7-B023-41F56B97D59A}.Release|Any CPU.ActiveCfg = Release|Any CPU
		{CCFF15D0-218A-4EC7-B023-41F56B97D59A}.Release|Any CPU.Build.0 = Release|Any CPU
		{741B89D7-9F38-431C-B2D1-7C6A8179D4CF}.Debug|Any CPU.ActiveCfg = Debug|Any CPU
		{741B89D7-9F38-431C-B2D1-7C6A8179D4CF}.Debug|Any CPU.Build.0 = Debug|Any CPU
		{741B89D7-9F38-431C-B2D1-7C6A8179D4CF}.Release|Any CPU.ActiveCfg = Release|Any CPU
		{741B89D7-9F38-431C-B2D1-7C6A8179D4CF}.Release|Any CPU.Build.0 = Release|Any CPU
		{F872C0D3-E768-4E3F-926A-F4BB09DFBB3F}.Debug|Any CPU.ActiveCfg = Debug|Any CPU
		{F872C0D3-E768-4E3F-926A-F4BB09DFBB3F}.Debug|Any CPU.Build.0 = Debug|Any CPU
		{F872C0D3-E768-4E3F-926A-F4BB09DFBB3F}.Release|Any CPU.ActiveCfg = Release|Any CPU
		{F872C0D3-E768-4E3F-926A-F4BB09DFBB3F}.Release|Any CPU.Build.0 = Release|Any CPU
		{AC9B9F1A-D63B-483D-BE83-92F4521B9CDA}.Debug|Any CPU.ActiveCfg = Debug|Any CPU
		{AC9B9F1A-D63B-483D-BE83-92F4521B9CDA}.Debug|Any CPU.Build.0 = Debug|Any CPU
		{AC9B9F1A-D63B-483D-BE83-92F4521B9CDA}.Release|Any CPU.ActiveCfg = Release|Any CPU
		{AC9B9F1A-D63B-483D-BE83-92F4521B9CDA}.Release|Any CPU.Build.0 = Release|Any CPU
	EndGlobalSection
	GlobalSection(SolutionProperties) = preSolution
		HideSolutionNode = FALSE
	EndGlobalSection
	GlobalSection(NestedProjects) = preSolution
		{01EE4604-8C27-45C1-B4B5-D50C9327E6EB} = {102E04B6-43F7-48E0-A193-E6DF690BC048}
		{68F50EAA-569F-4C25-A98E-C17ED17D1A8F} = {01EE4604-8C27-45C1-B4B5-D50C9327E6EB}
		{677E2091-EEC3-415B-A415-B006E41EFCD1} = {01EE4604-8C27-45C1-B4B5-D50C9327E6EB}
		{35DA11D6-97E5-4FC6-AE78-497E09420262} = {01EE4604-8C27-45C1-B4B5-D50C9327E6EB}
		{141B6E15-ACBC-4F12-90EF-E0861F9CC9F9} = {01EE4604-8C27-45C1-B4B5-D50C9327E6EB}
		{5B44283A-20B9-4C3E-9A90-38EF89C9FA0A} = {01EE4604-8C27-45C1-B4B5-D50C9327E6EB}
		{0D2D64A0-EDF1-4CE2-ADEC-5C2EC0084756} = {01EE4604-8C27-45C1-B4B5-D50C9327E6EB}
		{6162307D-73A5-4E4F-9206-4C4C6A54F27C} = {01EE4604-8C27-45C1-B4B5-D50C9327E6EB}
		{3BE6B5CB-8E3D-4E22-A4C7-2499C2E194F8} = {01EE4604-8C27-45C1-B4B5-D50C9327E6EB}
		{2D71F119-A82E-4843-8B46-60681F25CBA3} = {01EE4604-8C27-45C1-B4B5-D50C9327E6EB}
		{B7C26FB4-D83F-496D-B478-3C0C179CB1E3} = {01EE4604-8C27-45C1-B4B5-D50C9327E6EB}
		{220F6943-0681-4E5C-B195-DC7F62B0B65C} = {01EE4604-8C27-45C1-B4B5-D50C9327E6EB}
		{B55F0102-66E5-4EF1-A6B8-C04184215253} = {01EE4604-8C27-45C1-B4B5-D50C9327E6EB}
		{7377A1B1-CE34-434F-8D5F-F3E8D2913E3D} = {102E04B6-43F7-48E0-A193-E6DF690BC048}
		{80F2E48C-EA2D-4203-AF41-291BBEA6790F} = {BC393D66-1680-4380-856D-CD0891CF1A0D}
		{E692E30F-7B16-44EA-8075-4F750893C281} = {BC393D66-1680-4380-856D-CD0891CF1A0D}
		{E221CE84-C804-41F4-B87C-737B3A4546AB} = {023D4279-B092-4E38-90A0-F23B559851B7}
		{CCFF15D0-218A-4EC7-B023-41F56B97D59A} = {BC393D66-1680-4380-856D-CD0891CF1A0D}
		{741B89D7-9F38-431C-B2D1-7C6A8179D4CF} = {BC393D66-1680-4380-856D-CD0891CF1A0D}
		{F872C0D3-E768-4E3F-926A-F4BB09DFBB3F} = {CF4E59DC-C874-4C08-9AE9-45A883509D51}
		{AC9B9F1A-D63B-483D-BE83-92F4521B9CDA} = {F93795FC-D8CF-4F7D-BCBA-BEA73ADBD5C7}
		{BC393D66-1680-4380-856D-CD0891CF1A0D} = {7377A1B1-CE34-434F-8D5F-F3E8D2913E3D}
		{CF4E59DC-C874-4C08-9AE9-45A883509D51} = {7377A1B1-CE34-434F-8D5F-F3E8D2913E3D}
		{F93795FC-D8CF-4F7D-BCBA-BEA73ADBD5C7} = {7377A1B1-CE34-434F-8D5F-F3E8D2913E3D}
		{023D4279-B092-4E38-90A0-F23B559851B7} = {7377A1B1-CE34-434F-8D5F-F3E8D2913E3D}
	EndGlobalSection
EndGlobal
